<Solution>
  <Configurations>
    <Platform Name="x64" />
    <Platform Name="x86" />
  </Configurations>
  <Project Path="1D Array 1.0/1D Array 1.0.vcxproj" Id="49b02e17-bfe4-480a-bd8d-64f862ae843d" />
  <Project Path="1D Array 1.2/1D Array 1.2.vcxproj" Id="b290dd4d-a6ff-4bdc-9cf9-9fb41743fd92" />
  <Project Path="1D Array 1.3/1D Array 1.3.vcxproj" Id="d1303d69-ea1f-4659-b901-4ecd0a908963" />
  <Project Path="1D Array 1.4/1D Array 1.4.vcxproj" Id="8eaf21e0-c5a9-413e-bc5d-d9737cd76c26" />
  <Project Path="1D Array 1.5/1D Array 1.5.vcxproj" Id="f381af41-6ca3-4fd2-9a04-0ee3c8340de8" />
  <Project Path="cin.fail/cin.fail.vcxproj" Id="fa40a6f5-092a-4c06-b2bd-ac8c17e84eef" />
  <Project Path="Functions 1.0/Functions 1.0.vcxproj" Id="2be42694-12bd-4b2f-91ad-d50bc0b7cbcd" />
  <Project Path="Functions 1.1/Functions 1.1.vcxproj" Id="43fc4712-72d8-4ee8-a2ea-e4ed0b4beaba" />
  <Project Path="Functions 1.2/Functions 1.2.vcxproj" Id="bd58a554-c4ed-4219-b8df-d2d7a01bea79" />
  <Project Path="Functions 1.3/Functions 1.3.vcxproj" Id="d7007a9c-40a7-45c0-aa13-e401e9ed73cb" />
  <Project Path="Functions 1.4/Functions 1.4.vcxproj" Id="fffa8e61-c557-4165-81f4-613ea4cfe5b3" />
  <Project Path="Line Array 1.0/Line Array 1.0.vcxproj" Id="84a4185f-fad8-4845-b870-268af506dd5c" />
  <Project Path="Line Array 1.1/Line Array 1.1.vcxproj" Id="9cfe7d2e-8b31-4ab9-a278-fe805ada607e" />
  <Project Path="Line Array 1.2/Line Array 1.2.vcxproj" Id="11cd4291-a13d-47d2-9bef-a504abbd38a4" />
  <Project Path="Line Array 1.3/Line Array 1.3.vcxproj" Id="97845bfb-61dc-4bc7-8022-832d41254e24" />
  <Project Path="Line Array 1.4/Line Array 1.4.vcxproj" Id="055e72b9-4864-4bd5-939d-171118ef1c0a" />
  <Project Path="Line Array 1.5/Line Array 1.5.vcxproj" Id="730fc22a-8862-4bf0-a3af-7477b1da4548" />
  <Project Path="Line Array 1.6/Line Array 1.6.vcxproj" Id="c608af33-f940-4894-a0ca-637c8608b5a1" />
  <Project Path="Line Array 1.7/Line Array 1.7.vcxproj" Id="1a27b447-9a7e-4c6f-bb99-0a4bf9f59b80" />
  <Project Path="MultiD Array 1.0/MultiD Array 1.0.vcxproj" Id="9d265cac-8b2e-4e6b-92d3-dcd3b1272674" />
  <Project Path="MultiD Array 1.1/MultiD Array 1.1.vcxproj" Id="d6637ae2-974a-4a67-a02c-bb3b15b01981" />
  <Project Path="MultiD Array 1.2/MultiD Array 1.2.vcxproj" Id="664ed25c-74ba-455a-908c-8289652e67bc" />
  <Project Path="MultiD Array 1.3/MultiD Array 1.3.vcxproj" Id="8eb783c1-5f7a-4578-ac44-f2769db7502d" />
  <Project Path="MultiD Array 1.4/MultiD Array 1.4.vcxproj" Id="82bf3d85-faba-4467-9ede-b97a778b677b" />
</Solution>
